# This file was autogenerated by Stack.
# You should not edit this file by hand.
# For more information, please see the documentation at:
#   https://docs.haskellstack.org/en/stable/lock_files

packages:
- completed:
    hackage: inspection-testing-0.3@sha256:8f95d11b1ced58f0599da431682d2f2492067fa04b517da7d01696fde63b8b1a,5482
    pantry-tree:
      size: 1001
      sha256: 1a797fdd9a96a7ef4d880ca2fe1fbdaec5ece4fad39cb9c9f6e1e8bb59518959
  original:
    hackage: inspection-testing-0.3
snapshots:
- completed:
    size: 507596
    url: https://raw.githubusercontent.com/commercialhaskell/stackage-snapshots/master/lts/11/9.yaml
    sha256: 42f472dbf06482da1b3319241f3e3b3593a45bd7d4f537d2789f21386b9b2ad3
  original: lts-11.9
